
Microsoft Visual Studio Solution File, Format Version 12.00
# Visual Studio Version 17
VisualStudioVersion = 17.13.35913.81 d17.13
MinimumVisualStudioVersion = 10.0.40219.1
Project("{FAE04EC0-301F-11D3-BF4B-00C04F79EFBC}") = "XbkToUMTClassExtractor", "XbkToUMTClassExtractor\XbkToUMTClassExtractor.csproj", "{A6DDB1BD-EB4D-4D8F-84D4-34570AD9F231}"
EndProject
Global
	GlobalSection(SolutionConfigurationPlatforms) = preSolution
		Debug|Any CPU = Debug|Any CPU
		Release|Any CPU = Release|Any CPU
	EndGlobalSection
	GlobalSection(ProjectConfigurationPlatforms) = postSolution
		{A6DDB1BD-EB4D-4D8F-84D4-34570AD9F231}.Debug|Any CPU.ActiveCfg = Debug|Any CPU
		{A6DDB1BD-EB4D-4D8F-84D4-34570AD9F231}.Debug|Any CPU.Build.0 = Debug|Any CPU
		{A6DDB1BD-EB4D-4D8F-84D4-34570AD9F231}.Release|Any CPU.ActiveCfg = Release|Any CPU
		{A6DDB1BD-EB4D-4D8F-84D4-34570AD9F231}.Release|Any CPU.Build.0 = Release|Any CPU
	EndGlobalSection
	GlobalSection(SolutionProperties) = preSolution
		HideSolutionNode = FALSE
	EndGlobalSection
	GlobalSection(ExtensibilityGlobals) = postSolution
		SolutionGuid = {E8CAAC62-4760-4DB0-9741-BC36B5F406E4}
	EndGlobalSection
EndGlobal
